
Microsoft Visual Studio Solution File, Format Version 12.00
# Visual Studio 15
VisualStudioVersion = 15.0.28307.168
MinimumVisualStudioVersion = 10.0.40219.1
Project("{FAE04EC0-301F-11D3-BF4B-00C04F79EFBC}") = "whatshapHack", "whatshapHack\whatshapHack.csproj", "{ADAD80DB-0B35-41FB-98AB-B642EE5B2BA3}"
EndProject
Global
	GlobalSection(SolutionConfigurationPlatforms) = preSolution
		Debug|Any CPU = Debug|Any CPU
		Release|Any CPU = Release|Any CPU
	EndGlobalSection
	GlobalSection(ProjectConfigurationPlatforms) = postSolution
		{ADAD80DB-0B35-41FB-98AB-B642EE5B2BA3}.Debug|Any CPU.ActiveCfg = Debug|Any CPU
		{ADAD80DB-0B35-41FB-98AB-B642EE5B2BA3}.Debug|Any CPU.Build.0 = Debug|Any CPU
		{ADAD80DB-0B35-41FB-98AB-B642EE5B2BA3}.Release|Any CPU.ActiveCfg = Release|Any CPU
		{ADAD80DB-0B35-41FB-98AB-B642EE5B2BA3}.Release|Any CPU.Build.0 = Release|Any CPU
	EndGlobalSection
	GlobalSection(SolutionProperties) = preSolution
		HideSolutionNode = FALSE
	EndGlobalSection
	GlobalSection(ExtensibilityGlobals) = postSolution
		SolutionGuid = {8F1DEF4B-8677-46E4-9E79-B51ADF06228B}
	EndGlobalSection
EndGlobal
